{
  "version": 4,
  "terraform_version": "1.14.2",
  "serial": 36,
  "lineage": "9fe0e693-264b-38b9-e062-96047e5c053a",
  "outputs": {},
  "resources": [
    {
      "mode": "managed",
      "type": "infisical_identity",
      "name": "gotify",
      "provider": "provider[\"registry.terraform.io/infisical/infisical\"]",
      "instances": [
        {
          "schema_version": 0,
          "attributes": {
            "auth_modes": null,
            "has_delete_protection": false,
            "id": "198a71a4-473f-4aea-8ccf-ed904792b165",
            "metadata": null,
            "name": "gotify-operator",
            "org_id": "0a1c3336-1938-4a3b-9aa2-15a367217829",
            "role": "member"
          },
          "sensitive_attributes": [],
          "identity_schema_version": 0
        }
      ]
    },
    {
      "mode": "managed",
      "type": "infisical_identity",
      "name": "immich",
      "provider": "provider[\"registry.terraform.io/infisical/infisical\"]",
      "instances": [
        {
          "schema_version": 0,
          "attributes": {
            "auth_modes": null,
            "has_delete_protection": false,
            "id": "eb583593-a5a0-4333-8c58-4f1bad1de38e",
            "metadata": null,
            "name": "immich-operator",
            "org_id": "0a1c3336-1938-4a3b-9aa2-15a367217829",
            "role": "member"
          },
          "sensitive_attributes": [],
          "identity_schema_version": 0
        }
      ]
    },
    {
      "mode": "managed",
      "type": "infisical_identity_kubernetes_auth",
      "name": "gotify",
      "provider": "provider[\"registry.terraform.io/infisical/infisical\"]",
      "instances": [
        {
          "schema_version": 0,
          "attributes": {
            "access_token_max_ttl": 2592000,
            "access_token_num_uses_limit": 0,
            "access_token_trusted_ips": [
              {
                "ip_address": "0.0.0.0/0"
              },
              {
                "ip_address": "::/0"
              }
            ],
            "access_token_ttl": 2592000,
            "allowed_audience": "",
            "allowed_namespaces": [
              "gotify"
            ],
            "allowed_service_account_names": [
              "gotify-infisical-reader"
            ],
            "gateway_id": null,
            "id": "bbc33b86-ac04-4927-8387-3088eaa281db",
            "identity_id": "198a71a4-473f-4aea-8ccf-ed904792b165",
            "kubernetes_ca_certificate": "-----BEGIN CERTIFICATE-----\r\nMIIBdzCCAR2gAwIBAgIBADAKBggqhkjOPQQDAjAjMSEwHwYDVQQDDBhrM3Mtc2Vy\r\ndmVyLWNhQDE3Nzc0NjA1OTgwHhcNMjYwNDI5MTAwMzE4WhcNMzYwNDI2MTAwMzE4\r\nWjAjMSEwHwYDVQQDDBhrM3Mtc2VydmVyLWNhQDE3Nzc0NjA1OTgwWTATBgcqhkjO\r\nPQIBBggqhkjOPQMBBwNCAATE9FBePTWzACtexzCrHogaZANKuezHGoHq1EPqUWH1\r\nQ0TY7ZRIUeqzStfyq8Pv8c19qMk4jWU+xh8XDJ8N6hnIo0IwQDAOBgNVHQ8BAf8E\r\nBAMCAqQwDwYDVR0TAQH/BAUwAwEB/zAdBgNVHQ4EFgQUD13wuIwg7O5SXJW4ihq7\r\nudLc6wUwCgYIKoZIzj0EAwIDSAAwRQIgBMrevz50SpFEBqeE+B3LFDUzJdKHEM3f\r\nNz/7xZSp/D0CIQDJTme+Xijdjp5q7Y/JDWMatzkN6LWJ1LgoIkQI1XJMLg==\r\n-----END CERTIFICATE-----\r\n",
            "kubernetes_host": "https://kubernetes.default.svc",
            "token_reviewer_jwt": "eyJhbGciOiJSUzI1NiIsImtpZCI6Ikd6Wng5bHRTWWVubjNkUUFVV096VU41STFFRmVlcmcyQjdWZEVKWVNiazQifQ.eyJhdWQiOlsiaHR0cHM6Ly9rdWJlcm5ldGVzLmRlZmF1bHQuc3ZjLmNsdXN0ZXIubG9jYWwiLCJrM3MiXSwiZXhwIjoxODIwNDA5Mzc0LCJpYXQiOjE3ODg4NzMzNzQsImlzcyI6Imh0dHBzOi8va3ViZXJuZXRlcy5kZWZhdWx0LnN2Yy5jbHVzdGVyLmxvY2FsIiwianRpIjoiNDI0NjYzNDYtYmJlNy00ZDMzLTgwMjUtNTBlZDI1ZTYwZjhjIiwia3ViZXJuZXRlcy5pbyI6eyJuYW1lc3BhY2UiOiJpbmZpc2ljYWwiLCJzZXJ2aWNlYWNjb3VudCI6eyJuYW1lIjoiaW5maXNpY2FsLXRva2VuLXJldmlld2VyIiwidWlkIjoiNGJkYTI2MTAtZGU0YS00NzMxLTkzOTUtMGZhN2NkNTZmNGQ4In19LCJuYmYiOjE3ODg4NzMzNzQsInN1YiI6InN5c3RlbTpzZXJ2aWNlYWNjb3VudDppbmZpc2ljYWw6aW5maXNpY2FsLXRva2VuLXJldmlld2VyIn0.VG7BUJsy0OVjCvbnvRmocW0epTMR5IDzevZ6-bow2MMQMzElBczvbl8HwAluKCf86HeaM199eZHnEZb0OekyXrGkme9WsFXV04WUDDs7WQ5fpmOTKdRJslyNUM4-RGfCGmKmwitNbmVCi5rRg8LvRhkOP-EvtEPelBCksWIOG1pj0fVgerNPSocOB7HpKKRNf9sAYNTZ92_BSPdIynZIi_38aRNmQRvyhYEFdTSKGuBVUFKDhC6c42LvEBycBx13Jrcx3QKScg3YJECeLn9xbgfTHEF6gGDJ-V6B_5-ks02uslJFOZqrHjkXwiE0g8OmtheFmiSFHw9GGhlm4_1s5A",
            "token_reviewer_mode": "api"
          },
          "sensitive_attributes": [
            [
              {
                "type": "get_attr",
                "value": "token_reviewer_jwt"
              }
            ]
          ],
          "identity_schema_version": 0,
          "dependencies": [
            "infisical_identity.gotify"
          ]
        }
      ]
    },
    {
      "mode": "managed",
      "type": "infisical_identity_kubernetes_auth",
      "name": "immich",
      "provider": "provider[\"registry.terraform.io/infisical/infisical\"]",
      "instances": [
        {
          "schema_version": 0,
          "attributes": {
            "access_token_max_ttl": 2592000,
            "access_token_num_uses_limit": 0,
            "access_token_trusted_ips": [
              {
                "ip_address": "0.0.0.0/0"
              },
              {
                "ip_address": "::/0"
              }
            ],
            "access_token_ttl": 2592000,
            "allowed_audience": "",
            "allowed_namespaces": [
              "immich"
            ],
            "allowed_service_account_names": [
              "immich-infisical-reader"
            ],
            "gateway_id": null,
            "id": "eae09661-5662-426f-ad38-aab1f50bf10b",
            "identity_id": "eb583593-a5a0-4333-8c58-4f1bad1de38e",
            "kubernetes_ca_certificate": "-----BEGIN CERTIFICATE-----\r\nMIIBdzCCAR2gAwIBAgIBADAKBggqhkjOPQQDAjAjMSEwHwYDVQQDDBhrM3Mtc2Vy\r\ndmVyLWNhQDE3Nzc0NjA1OTgwHhcNMjYwNDI5MTAwMzE4WhcNMzYwNDI2MTAwMzE4\r\nWjAjMSEwHwYDVQQDDBhrM3Mtc2VydmVyLWNhQDE3Nzc0NjA1OTgwWTATBgcqhkjO\r\nPQIBBggqhkjOPQMBBwNCAATE9FBePTWzACtexzCrHogaZANKuezHGoHq1EPqUWH1\r\nQ0TY7ZRIUeqzStfyq8Pv8c19qMk4jWU+xh8XDJ8N6hnIo0IwQDAOBgNVHQ8BAf8E\r\nBAMCAqQwDwYDVR0TAQH/BAUwAwEB/zAdBgNVHQ4EFgQUD13wuIwg7O5SXJW4ihq7\r\nudLc6wUwCgYIKoZIzj0EAwIDSAAwRQIgBMrevz50SpFEBqeE+B3LFDUzJdKHEM3f\r\nNz/7xZSp/D0CIQDJTme+Xijdjp5q7Y/JDWMatzkN6LWJ1LgoIkQI1XJMLg==\r\n-----END CERTIFICATE-----\r\n",
            "kubernetes_host": "https://kubernetes.default.svc",
            "token_reviewer_jwt": "eyJhbGciOiJSUzI1NiIsImtpZCI6Ikd6Wng5bHRTWWVubjNkUUFVV096VU41STFFRmVlcmcyQjdWZEVKWVNiazQifQ.eyJhdWQiOlsiaHR0cHM6Ly9rdWJlcm5ldGVzLmRlZmF1bHQuc3ZjLmNsdXN0ZXIubG9jYWwiLCJrM3MiXSwiZXhwIjoxODIwNDA5Mzc0LCJpYXQiOjE3ODg4NzMzNzQsImlzcyI6Imh0dHBzOi8va3ViZXJuZXRlcy5kZWZhdWx0LnN2Yy5jbHVzdGVyLmxvY2FsIiwianRpIjoiNDI0NjYzNDYtYmJlNy00ZDMzLTgwMjUtNTBlZDI1ZTYwZjhjIiwia3ViZXJuZXRlcy5pbyI6eyJuYW1lc3BhY2UiOiJpbmZpc2ljYWwiLCJzZXJ2aWNlYWNjb3VudCI6eyJuYW1lIjoiaW5maXNpY2FsLXRva2VuLXJldmlld2VyIiwidWlkIjoiNGJkYTI2MTAtZGU0YS00NzMxLTkzOTUtMGZhN2NkNTZmNGQ4In19LCJuYmYiOjE3ODg4NzMzNzQsInN1YiI6InN5c3RlbTpzZXJ2aWNlYWNjb3VudDppbmZpc2ljYWw6aW5maXNpY2FsLXRva2VuLXJldmlld2VyIn0.VG7BUJsy0OVjCvbnvRmocW0epTMR5IDzevZ6-bow2MMQMzElBczvbl8HwAluKCf86HeaM199eZHnEZb0OekyXrGkme9WsFXV04WUDDs7WQ5fpmOTKdRJslyNUM4-RGfCGmKmwitNbmVCi5rRg8LvRhkOP-EvtEPelBCksWIOG1pj0fVgerNPSocOB7HpKKRNf9sAYNTZ92_BSPdIynZIi_38aRNmQRvyhYEFdTSKGuBVUFKDhC6c42LvEBycBx13Jrcx3QKScg3YJECeLn9xbgfTHEF6gGDJ-V6B_5-ks02uslJFOZqrHjkXwiE0g8OmtheFmiSFHw9GGhlm4_1s5A",
            "token_reviewer_mode": "api"
          },
          "sensitive_attributes": [
            [
              {
                "type": "get_attr",
                "value": "token_reviewer_jwt"
              }
            ]
          ],
          "identity_schema_version": 0,
          "dependencies": [
            "infisical_identity.immich"
          ]
        }
      ]
    },
    {
      "mode": "managed",
      "type": "infisical_project",
      "name": "gotify",
      "provider": "provider[\"registry.terraform.io/infisical/infisical\"]",
      "instances": [
        {
          "schema_version": 0,
          "attributes": {
            "audit_log_retention_days": 0,
            "description": null,
            "has_delete_protection": false,
            "id": "0d064592-e182-4c08-9851-b9faf63230e8",
            "kms_secret_manager_key_id": "",
            "last_updated": "Tuesday, 08-Sep-26 13:17:34 UTC",
            "name": "Gotify",
            "should_create_default_envs": null,
            "slug": "gotify",
            "template_name": null,
            "type": "secret-manager"
          },
          "sensitive_attributes": [],
          "identity_schema_version": 0
        }
      ]
    },
    {
      "mode": "managed",
      "type": "infisical_project",
      "name": "immich",
      "provider": "provider[\"registry.terraform.io/infisical/infisical\"]",
      "instances": [
        {
          "schema_version": 0,
          "attributes": {
            "audit_log_retention_days": 0,
            "description": null,
            "has_delete_protection": false,
            "id": "a2af403f-659f-4c3c-8872-2fd6b8b16125",
            "kms_secret_manager_key_id": "",
            "last_updated": "Tuesday, 08-Sep-26 13:17:34 UTC",
            "name": "Immich",
            "should_create_default_envs": null,
            "slug": "immich",
            "template_name": null,
            "type": "secret-manager"
          },
          "sensitive_attributes": [],
          "identity_schema_version": 0
        }
      ]
    },
    {
      "mode": "managed",
      "type": "infisical_project_identity",
      "name": "gotify",
      "provider": "provider[\"registry.terraform.io/infisical/infisical\"]",
      "instances": [
        {
          "schema_version": 0,
          "attributes": {
            "adopt_existing": false,
            "identity": {
              "auth_methods": [
                "kubernetes-auth"
              ],
              "id": "198a71a4-473f-4aea-8ccf-ed904792b165",
              "name": "gotify-operator"
            },
            "identity_id": "198a71a4-473f-4aea-8ccf-ed904792b165",
            "membership_id": "f7c2f8aa-062d-4e0c-96eb-e6d07db61d55",
            "project_id": "0d064592-e182-4c08-9851-b9faf63230e8",
            "roles": [
              {
                "custom_role_id": "",
                "id": "7a8ca55d-dd5c-47b0-9b2f-3cb6db11c048",
                "is_temporary": false,
                "role_slug": "viewer",
                "temporary_access_end_time": null,
                "temporary_access_start_time": null,
                "temporary_mode": null,
                "temporary_range": null
              }
            ]
          },
          "sensitive_attributes": [],
          "identity_schema_version": 0,
          "dependencies": [
            "infisical_identity.gotify",
            "infisical_project.gotify"
          ]
        }
      ]
    },
    {
      "mode": "managed",
      "type": "infisical_project_identity",
      "name": "immich",
      "provider": "provider[\"registry.terraform.io/infisical/infisical\"]",
      "instances": [
        {
          "schema_version": 0,
          "attributes": {
            "adopt_existing": false,
            "identity": {
              "auth_methods": [],
              "id": "eb583593-a5a0-4333-8c58-4f1bad1de38e",
              "name": "immich-operator"
            },
            "identity_id": "eb583593-a5a0-4333-8c58-4f1bad1de38e",
            "membership_id": "24531432-1b21-4ad4-883a-4e57f2610832",
            "project_id": "a2af403f-659f-4c3c-8872-2fd6b8b16125",
            "roles": [
              {
                "custom_role_id": "",
                "id": "c93b2b01-d198-4f52-92ca-4c6e4bd371f2",
                "is_temporary": false,
                "role_slug": "viewer",
                "temporary_access_end_time": null,
                "temporary_access_start_time": null,
                "temporary_mode": null,
                "temporary_range": null
              }
            ]
          },
          "sensitive_attributes": [],
          "identity_schema_version": 0,
          "dependencies": [
            "infisical_identity.immich",
            "infisical_project.immich"
          ]
        }
      ]
    }
  ],
  "check_results": null
}
