{
  "version": 4,
  "terraform_version": "1.14.2",
  "serial": 27,
  "lineage": "9fe0e693-264b-38b9-e062-96047e5c053a",
  "outputs": {},
  "resources": [
    {
      "mode": "managed",
      "type": "infisical_identity",
      "name": "gotify",
      "provider": "provider[\"registry.terraform.io/infisical/infisical\"]",
      "instances": [
        {
          "schema_version": 0,
          "attributes": {
            "auth_modes": null,
            "has_delete_protection": false,
            "id": "dbf95adc-a9dd-4f19-91f7-a1a46aaf2839",
            "metadata": null,
            "name": "gotify-operator",
            "org_id": "10adf791-4aa3-4867-9013-22725bc79701",
            "role": "member"
          },
          "sensitive_attributes": [],
          "identity_schema_version": 0
        }
      ]
    },
    {
      "mode": "managed",
      "type": "infisical_identity",
      "name": "immich",
      "provider": "provider[\"registry.terraform.io/infisical/infisical\"]",
      "instances": [
        {
          "schema_version": 0,
          "attributes": {
            "auth_modes": null,
            "has_delete_protection": false,
            "id": "76047ecd-1cc5-4409-bb50-12ac71a0f236",
            "metadata": null,
            "name": "immich-operator",
            "org_id": "10adf791-4aa3-4867-9013-22725bc79701",
            "role": "member"
          },
          "sensitive_attributes": [],
          "identity_schema_version": 0
        }
      ]
    },
    {
      "mode": "managed",
      "type": "infisical_identity_kubernetes_auth",
      "name": "gotify",
      "provider": "provider[\"registry.terraform.io/infisical/infisical\"]",
      "instances": [
        {
          "schema_version": 0,
          "attributes": {
            "access_token_max_ttl": 2592000,
            "access_token_num_uses_limit": 0,
            "access_token_trusted_ips": [
              {
                "ip_address": "0.0.0.0/0"
              },
              {
                "ip_address": "::/0"
              }
            ],
            "access_token_ttl": 2592000,
            "allowed_audience": "",
            "allowed_namespaces": [
              "gotify"
            ],
            "allowed_service_account_names": [
              "gotify-infisical-reader"
            ],
            "gateway_id": null,
            "id": "b7ee547c-bd60-450a-b4b3-8fb00ef8e34f",
            "identity_id": "dbf95adc-a9dd-4f19-91f7-a1a46aaf2839",
            "kubernetes_ca_certificate": "-----BEGIN CERTIFICATE-----\r\nMIIBdzCCAR2gAwIBAgIBADAKBggqhkjOPQQDAjAjMSEwHwYDVQQDDBhrM3Mtc2Vy\r\ndmVyLWNhQDE3Nzc0NjA1OTgwHhcNMjYwNDI5MTAwMzE4WhcNMzYwNDI2MTAwMzE4\r\nWjAjMSEwHwYDVQQDDBhrM3Mtc2VydmVyLWNhQDE3Nzc0NjA1OTgwWTATBgcqhkjO\r\nPQIBBggqhkjOPQMBBwNCAATE9FBePTWzACtexzCrHogaZANKuezHGoHq1EPqUWH1\r\nQ0TY7ZRIUeqzStfyq8Pv8c19qMk4jWU+xh8XDJ8N6hnIo0IwQDAOBgNVHQ8BAf8E\r\nBAMCAqQwDwYDVR0TAQH/BAUwAwEB/zAdBgNVHQ4EFgQUD13wuIwg7O5SXJW4ihq7\r\nudLc6wUwCgYIKoZIzj0EAwIDSAAwRQIgBMrevz50SpFEBqeE+B3LFDUzJdKHEM3f\r\nNz/7xZSp/D0CIQDJTme+Xijdjp5q7Y/JDWMatzkN6LWJ1LgoIkQI1XJMLg==\r\n-----END CERTIFICATE-----\r\n",
            "kubernetes_host": "https://kubernetes.default.svc",
            "token_reviewer_jwt": "eyJhbGciOiJSUzI1NiIsImtpZCI6Ikd6Wng5bHRTWWVubjNkUUFVV096VU41STFFRmVlcmcyQjdWZEVKWVNiazQifQ.eyJhdWQiOlsiaHR0cHM6Ly9rdWJlcm5ldGVzLmRlZmF1bHQuc3ZjLmNsdXN0ZXIubG9jYWwiLCJrM3MiXSwiZXhwIjoxODIwMzE0NDY0LCJpYXQiOjE3ODg3Nzg0NjQsImlzcyI6Imh0dHBzOi8va3ViZXJuZXRlcy5kZWZhdWx0LnN2Yy5jbHVzdGVyLmxvY2FsIiwianRpIjoiZWJlMzBmZDMtZjYyYS00YmU2LWE4OTctZmU0YzgxNmY3ZjQ1Iiwia3ViZXJuZXRlcy5pbyI6eyJuYW1lc3BhY2UiOiJpbmZpc2ljYWwiLCJzZXJ2aWNlYWNjb3VudCI6eyJuYW1lIjoiaW5maXNpY2FsLXRva2VuLXJldmlld2VyIiwidWlkIjoiNGJkYTI2MTAtZGU0YS00NzMxLTkzOTUtMGZhN2NkNTZmNGQ4In19LCJuYmYiOjE3ODg3Nzg0NjQsInN1YiI6InN5c3RlbTpzZXJ2aWNlYWNjb3VudDppbmZpc2ljYWw6aW5maXNpY2FsLXRva2VuLXJldmlld2VyIn0.XCHIngyOCG6x_6MAggbhTr8nC4GdAAkYyB88nf1-SnUuSKi7FwEmM_eX8bJ3DIXT_ULe1Bl7-_wjdhuWR7zHGEqzhcDxNj0rlWS6IP7CPxYg1hYeXf2ZM88ifF34wl9lZsY1PSPUBGX058TMOsP9nnyVVVm43ynqL5lQuOgxYKC3hiSCCPDd1Mq2I2cbXdnoG7I164w70V71eMLXmjRX2564oqXvHSVPnhcCQ_n2hdSkS4nxkMnX1wpSudQ3uoHFRLzbBSs7f7q1Rl3082RZECJUMm3LLopr-x5QI50VXZm1tQyNaSugXVblWFWR-7gS-2gVavXy17GgpF3DJKgePA",
            "token_reviewer_mode": "api"
          },
          "sensitive_attributes": [
            [
              {
                "type": "get_attr",
                "value": "token_reviewer_jwt"
              }
            ]
          ],
          "identity_schema_version": 0,
          "dependencies": [
            "infisical_identity.gotify"
          ]
        }
      ]
    },
    {
      "mode": "managed",
      "type": "infisical_identity_kubernetes_auth",
      "name": "immich",
      "provider": "provider[\"registry.terraform.io/infisical/infisical\"]",
      "instances": [
        {
          "schema_version": 0,
          "attributes": {
            "access_token_max_ttl": 2592000,
            "access_token_num_uses_limit": 0,
            "access_token_trusted_ips": [
              {
                "ip_address": "0.0.0.0/0"
              },
              {
                "ip_address": "::/0"
              }
            ],
            "access_token_ttl": 2592000,
            "allowed_audience": "",
            "allowed_namespaces": [
              "immich"
            ],
            "allowed_service_account_names": [
              "immich-infisical-reader"
            ],
            "gateway_id": null,
            "id": "e55264ea-c469-4714-8a4f-a832ac6cfee2",
            "identity_id": "76047ecd-1cc5-4409-bb50-12ac71a0f236",
            "kubernetes_ca_certificate": "-----BEGIN CERTIFICATE-----\r\nMIIBdzCCAR2gAwIBAgIBADAKBggqhkjOPQQDAjAjMSEwHwYDVQQDDBhrM3Mtc2Vy\r\ndmVyLWNhQDE3Nzc0NjA1OTgwHhcNMjYwNDI5MTAwMzE4WhcNMzYwNDI2MTAwMzE4\r\nWjAjMSEwHwYDVQQDDBhrM3Mtc2VydmVyLWNhQDE3Nzc0NjA1OTgwWTATBgcqhkjO\r\nPQIBBggqhkjOPQMBBwNCAATE9FBePTWzACtexzCrHogaZANKuezHGoHq1EPqUWH1\r\nQ0TY7ZRIUeqzStfyq8Pv8c19qMk4jWU+xh8XDJ8N6hnIo0IwQDAOBgNVHQ8BAf8E\r\nBAMCAqQwDwYDVR0TAQH/BAUwAwEB/zAdBgNVHQ4EFgQUD13wuIwg7O5SXJW4ihq7\r\nudLc6wUwCgYIKoZIzj0EAwIDSAAwRQIgBMrevz50SpFEBqeE+B3LFDUzJdKHEM3f\r\nNz/7xZSp/D0CIQDJTme+Xijdjp5q7Y/JDWMatzkN6LWJ1LgoIkQI1XJMLg==\r\n-----END CERTIFICATE-----\r\n",
            "kubernetes_host": "https://kubernetes.default.svc",
            "token_reviewer_jwt": "eyJhbGciOiJSUzI1NiIsImtpZCI6Ikd6Wng5bHRTWWVubjNkUUFVV096VU41STFFRmVlcmcyQjdWZEVKWVNiazQifQ.eyJhdWQiOlsiaHR0cHM6Ly9rdWJlcm5ldGVzLmRlZmF1bHQuc3ZjLmNsdXN0ZXIubG9jYWwiLCJrM3MiXSwiZXhwIjoxODIwMzE0NDY0LCJpYXQiOjE3ODg3Nzg0NjQsImlzcyI6Imh0dHBzOi8va3ViZXJuZXRlcy5kZWZhdWx0LnN2Yy5jbHVzdGVyLmxvY2FsIiwianRpIjoiZWJlMzBmZDMtZjYyYS00YmU2LWE4OTctZmU0YzgxNmY3ZjQ1Iiwia3ViZXJuZXRlcy5pbyI6eyJuYW1lc3BhY2UiOiJpbmZpc2ljYWwiLCJzZXJ2aWNlYWNjb3VudCI6eyJuYW1lIjoiaW5maXNpY2FsLXRva2VuLXJldmlld2VyIiwidWlkIjoiNGJkYTI2MTAtZGU0YS00NzMxLTkzOTUtMGZhN2NkNTZmNGQ4In19LCJuYmYiOjE3ODg3Nzg0NjQsInN1YiI6InN5c3RlbTpzZXJ2aWNlYWNjb3VudDppbmZpc2ljYWw6aW5maXNpY2FsLXRva2VuLXJldmlld2VyIn0.XCHIngyOCG6x_6MAggbhTr8nC4GdAAkYyB88nf1-SnUuSKi7FwEmM_eX8bJ3DIXT_ULe1Bl7-_wjdhuWR7zHGEqzhcDxNj0rlWS6IP7CPxYg1hYeXf2ZM88ifF34wl9lZsY1PSPUBGX058TMOsP9nnyVVVm43ynqL5lQuOgxYKC3hiSCCPDd1Mq2I2cbXdnoG7I164w70V71eMLXmjRX2564oqXvHSVPnhcCQ_n2hdSkS4nxkMnX1wpSudQ3uoHFRLzbBSs7f7q1Rl3082RZECJUMm3LLopr-x5QI50VXZm1tQyNaSugXVblWFWR-7gS-2gVavXy17GgpF3DJKgePA",
            "token_reviewer_mode": "api"
          },
          "sensitive_attributes": [
            [
              {
                "type": "get_attr",
                "value": "token_reviewer_jwt"
              }
            ]
          ],
          "identity_schema_version": 0,
          "dependencies": [
            "infisical_identity.immich"
          ]
        }
      ]
    },
    {
      "mode": "managed",
      "type": "infisical_project",
      "name": "gotify",
      "provider": "provider[\"registry.terraform.io/infisical/infisical\"]",
      "instances": [
        {
          "schema_version": 0,
          "attributes": {
            "audit_log_retention_days": 0,
            "description": null,
            "has_delete_protection": false,
            "id": "22872874-ccd7-4248-b6d2-c0e2f3999c40",
            "kms_secret_manager_key_id": "",
            "last_updated": "Monday, 07-Sep-26 12:48:19 UTC",
            "name": "Gotify",
            "should_create_default_envs": null,
            "slug": "gotify",
            "template_name": null,
            "type": "secret-manager"
          },
          "sensitive_attributes": [],
          "identity_schema_version": 0
        }
      ]
    },
    {
      "mode": "managed",
      "type": "infisical_project",
      "name": "immich",
      "provider": "provider[\"registry.terraform.io/infisical/infisical\"]",
      "instances": [
        {
          "schema_version": 0,
          "attributes": {
            "audit_log_retention_days": 0,
            "description": null,
            "has_delete_protection": false,
            "id": "39bcf519-0fa4-4761-a98b-3817ca4291bf",
            "kms_secret_manager_key_id": "",
            "last_updated": "Monday, 07-Sep-26 12:48:19 UTC",
            "name": "Immich",
            "should_create_default_envs": null,
            "slug": "immich",
            "template_name": null,
            "type": "secret-manager"
          },
          "sensitive_attributes": [],
          "identity_schema_version": 0
        }
      ]
    },
    {
      "mode": "managed",
      "type": "infisical_project_identity",
      "name": "gotify",
      "provider": "provider[\"registry.terraform.io/infisical/infisical\"]",
      "instances": [
        {
          "schema_version": 0,
          "attributes": {
            "adopt_existing": false,
            "identity": {
              "auth_methods": [
                "kubernetes-auth"
              ],
              "id": "dbf95adc-a9dd-4f19-91f7-a1a46aaf2839",
              "name": "gotify-operator"
            },
            "identity_id": "dbf95adc-a9dd-4f19-91f7-a1a46aaf2839",
            "membership_id": "1d75ef41-db04-4098-a300-c6aee7453a54",
            "project_id": "22872874-ccd7-4248-b6d2-c0e2f3999c40",
            "roles": [
              {
                "custom_role_id": "",
                "id": "d1a0f2bc-95b2-40bc-b56e-5f9ce3233959",
                "is_temporary": false,
                "role_slug": "viewer",
                "temporary_access_end_time": null,
                "temporary_access_start_time": null,
                "temporary_mode": null,
                "temporary_range": null
              }
            ]
          },
          "sensitive_attributes": [],
          "identity_schema_version": 0,
          "dependencies": [
            "infisical_identity.gotify",
            "infisical_project.gotify"
          ]
        }
      ]
    },
    {
      "mode": "managed",
      "type": "infisical_project_identity",
      "name": "immich",
      "provider": "provider[\"registry.terraform.io/infisical/infisical\"]",
      "instances": [
        {
          "schema_version": 0,
          "attributes": {
            "adopt_existing": false,
            "identity": {
              "auth_methods": [],
              "id": "76047ecd-1cc5-4409-bb50-12ac71a0f236",
              "name": "immich-operator"
            },
            "identity_id": "76047ecd-1cc5-4409-bb50-12ac71a0f236",
            "membership_id": "e202f1af-f2fd-44aa-b6c2-87b0e27f2496",
            "project_id": "39bcf519-0fa4-4761-a98b-3817ca4291bf",
            "roles": [
              {
                "custom_role_id": "",
                "id": "2c2a9667-011d-495a-81f0-7c90b02d2e47",
                "is_temporary": false,
                "role_slug": "viewer",
                "temporary_access_end_time": null,
                "temporary_access_start_time": null,
                "temporary_mode": null,
                "temporary_range": null
              }
            ]
          },
          "sensitive_attributes": [],
          "identity_schema_version": 0,
          "dependencies": [
            "infisical_identity.immich",
            "infisical_project.immich"
          ]
        }
      ]
    }
  ],
  "check_results": null
}
